{
  "name": "@durumim-ui/coredurumim-ui",
  "version": "0.1.0",
  "lockfileVersion": 3,
  "requires": true,
  "packages": {
    "": {
      "name": "@durumim-ui/coredurumim-ui",
      "version": "0.1.0",
      "license": "MIT",
      "workspaces": [
        "packages/*"
      ],
      "devDependencies": {}
    },
    "node_modules/@durumim-ui/colors": {
      "resolved": "packages/colors",
      "link": true
    },
    "node_modules/@durumim-ui/ts-config": {
      "resolved": "packages/ts-config",
      "link": true
    },
    "node_modules/typescript": {
      "version": "4.9.5",
      "resolved": "https://registry.npmjs.org/typescript/-/typescript-4.9.5.tgz",
      "integrity": "sha512-1FXk9E2Hm+QzZQ7z+McJiHL4NW1F2EzMu9Nq9i3zAaGqibafqYwCVU6WyWAuyQRRzOlxou8xZSyXLEN8oKj24g==",
      "dev": true,
      "bin": {
        "tsc": "bin/tsc",
        "tsserver": "bin/tsserver"
      },
      "engines": {
        "node": ">=4.2.0"
      }
    },
    "packages/colors": {
      "name": "@durumim-ui/colors",
      "version": "0.1.0",
      "license": "MIT",
      "devDependencies": {
        "typescript": "^4.9.5"
      }
    },
    "packages/ts-config": {
      "name": "@durumim-ui/ts-config",
      "version": "1.0.0",
      "license": "MIT"
    }
  }
}
